
Microsoft Visual Studio Solution File, Format Version 12.00
# Visual Studio 15
VisualStudioVersion = 15.0.28010.2016
MinimumVisualStudioVersion = 10.0.40219.1
Project("{FAE04EC0-301F-11D3-BF4B-00C04F79EFBC}") = "PreyectoFinal", "PreyectoFinal\PreyectoFinal.csproj", "{FA5AB750-9F04-4DCE-AA2B-26DECA6958C8}"
EndProject
Project("{FAE04EC0-301F-11D3-BF4B-00C04F79EFBC}") = "PreyectoFinalTests1", "PreyectoFinalTests1\PreyectoFinalTests1.csproj", "{D8D95EC1-C034-412C-8112-FEFC7832190D}"
EndProject
Global
	GlobalSection(SolutionConfigurationPlatforms) = preSolution
		Debug|Any CPU = Debug|Any CPU
		Release|Any CPU = Release|Any CPU
	EndGlobalSection
	GlobalSection(ProjectConfigurationPlatforms) = postSolution
		{FA5AB750-9F04-4DCE-AA2B-26DECA6958C8}.Debug|Any CPU.ActiveCfg = Debug|Any CPU
		{FA5AB750-9F04-4DCE-AA2B-26DECA6958C8}.Debug|Any CPU.Build.0 = Debug|Any CPU
		{FA5AB750-9F04-4DCE-AA2B-26DECA6958C8}.Release|Any CPU.ActiveCfg = Release|Any CPU
		{FA5AB750-9F04-4DCE-AA2B-26DECA6958C8}.Release|Any CPU.Build.0 = Release|Any CPU
		{D8D95EC1-C034-412C-8112-FEFC7832190D}.Debug|Any CPU.ActiveCfg = Debug|Any CPU
		{D8D95EC1-C034-412C-8112-FEFC7832190D}.Debug|Any CPU.Build.0 = Debug|Any CPU
		{D8D95EC1-C034-412C-8112-FEFC7832190D}.Release|Any CPU.ActiveCfg = Release|Any CPU
		{D8D95EC1-C034-412C-8112-FEFC7832190D}.Release|Any CPU.Build.0 = Release|Any CPU
	EndGlobalSection
	GlobalSection(SolutionProperties) = preSolution
		HideSolutionNode = FALSE
	EndGlobalSection
	GlobalSection(ExtensibilityGlobals) = postSolution
		SolutionGuid = {7F172350-444F-4043-BABD-2CF041297CCE}
	EndGlobalSection
EndGlobal
